// !$*UTF8*$!
{
	archiveVersion = 1;
	classes = {
	};
	objectVersion = 56;
	objects = {

/* Begin PBXBuildFile section */
		1E05D3952B90E50E006FE96A /* StatusBarMenu.swift in Sources */ = {isa = PBXBuildFile; fileRef = 1E05D3942B90E50E006FE96A /* StatusBarMenu.swift */; };
		1E05D3962B90E50E006FE96A /* StatusBarMenu.swift in Sources */ = {isa = PBXBuildFile; fileRef = 1E05D3942B90E50E006FE96A /* StatusBarMenu.swift */; };
		9C1C8BE72C8B3EA300754474 /* UserStatusModifier.swift in Sources */ = {isa = PBXBuildFile; fileRef = 9C1C8BE62C8B3EA300754474 /* UserStatusModifier.swift */; };
		9C1C8BE82C8B4A1C00754474 /* UserStatusModifier.swift in Sources */ = {isa = PBXBuildFile; fileRef = 9C1C8BE62C8B3EA300754474 /* UserStatusModifier.swift */; };
		9C1C8BEA2C8B4FC000754474 /* Trial.swift in Sources */ = {isa = PBXBuildFile; fileRef = 9C1C8BE92C8B4FC000754474 /* Trial.swift */; };
		9C1C8BEB2C8B4FC000754474 /* Trial.swift in Sources */ = {isa = PBXBuildFile; fileRef = 9C1C8BE92C8B4FC000754474 /* Trial.swift */; };
		9C1C8BED2C8B817B00754474 /* BrightIntoshStore.swift in Sources */ = {isa = PBXBuildFile; fileRef = 9C1C8BEC2C8B817B00754474 /* BrightIntoshStore.swift */; };
		9C1C8BEE2C8B817B00754474 /* BrightIntoshStore.swift in Sources */ = {isa = PBXBuildFile; fileRef = 9C1C8BEC2C8B817B00754474 /* BrightIntoshStore.swift */; };
		9C4163702AB7198B005B34B6 /* SettingsWindow.swift in Sources */ = {isa = PBXBuildFile; fileRef = 9C41636F2AB7198B005B34B6 /* SettingsWindow.swift */; };
		9C4163712AB7198B005B34B6 /* SettingsWindow.swift in Sources */ = {isa = PBXBuildFile; fileRef = 9C41636F2AB7198B005B34B6 /* SettingsWindow.swift */; };
		9C4163742ABD8EE9005B34B6 /* KeyboardShortcuts in Frameworks */ = {isa = PBXBuildFile; productRef = 9C4163732ABD8EE9005B34B6 /* KeyboardShortcuts */; };
		9C4163772ABD8FA4005B34B6 /* KeyboardShortcuts in Frameworks */ = {isa = PBXBuildFile; productRef = 9C4163762ABD8FA4005B34B6 /* KeyboardShortcuts */; };
		9C4163792ABD8FBD005B34B6 /* Constants.swift in Sources */ = {isa = PBXBuildFile; fileRef = 9C4163782ABD8FBD005B34B6 /* Constants.swift */; };
		9C41637A2ABD8FBD005B34B6 /* Constants.swift in Sources */ = {isa = PBXBuildFile; fileRef = 9C4163782ABD8FBD005B34B6 /* Constants.swift */; };
		9C534AC52ACB02C60029E050 /* BatteryHelpers.swift in Sources */ = {isa = PBXBuildFile; fileRef = 9C534AC42ACB02C60029E050 /* BatteryHelpers.swift */; };
		9C534AC62ACB02C60029E050 /* BatteryHelpers.swift in Sources */ = {isa = PBXBuildFile; fileRef = 9C534AC42ACB02C60029E050 /* BatteryHelpers.swift */; };
		9C534AC82ACB06210029E050 /* AutomationManager.swift in Sources */ = {isa = PBXBuildFile; fileRef = 9C534AC72ACB06210029E050 /* AutomationManager.swift */; };
		9C534AC92ACB06210029E050 /* AutomationManager.swift in Sources */ = {isa = PBXBuildFile; fileRef = 9C534AC72ACB06210029E050 /* AutomationManager.swift */; };
		9C534ACB2ACB2A050029E050 /* Alerts.swift in Sources */ = {isa = PBXBuildFile; fileRef = 9C534ACA2ACB2A050029E050 /* Alerts.swift */; };
		9C534ACC2ACB2A050029E050 /* Alerts.swift in Sources */ = {isa = PBXBuildFile; fileRef = 9C534ACA2ACB2A050029E050 /* Alerts.swift */; };
		9C5610502ABF55A90066D6C9 /* Settings.swift in Sources */ = {isa = PBXBuildFile; fileRef = 9C56104F2ABF55A90066D6C9 /* Settings.swift */; };
		9C5610512ABF55A90066D6C9 /* Settings.swift in Sources */ = {isa = PBXBuildFile; fileRef = 9C56104F2ABF55A90066D6C9 /* Settings.swift */; };
		9C59653A2C8CCE9500BFC9A6 /* RestorePurchasesButton.swift in Sources */ = {isa = PBXBuildFile; fileRef = 9CCAC9382C3AF55E00B105D1 /* RestorePurchasesButton.swift */; };
		9C59653E2C8DBB1400BFC9A6 /* StoreManager.swift in Sources */ = {isa = PBXBuildFile; fileRef = 9C59653D2C8DBB1400BFC9A6 /* StoreManager.swift */; };
		9C59653F2C8DBB2C00BFC9A6 /* StoreManager.swift in Sources */ = {isa = PBXBuildFile; fileRef = 9C59653D2C8DBB1400BFC9A6 /* StoreManager.swift */; };
		9C5965402C8DBB2F00BFC9A6 /* EntitlementHandler.swift in Sources */ = {isa = PBXBuildFile; fileRef = 9CCAC9362C3AF53B00B105D1 /* EntitlementHandler.swift */; };
		9C711B4E2BD9583F00231067 /* StyledSlider.swift in Sources */ = {isa = PBXBuildFile; fileRef = 9C711B4D2BD9583F00231067 /* StyledSlider.swift */; };
		9C711B4F2BD9583F00231067 /* StyledSlider.swift in Sources */ = {isa = PBXBuildFile; fileRef = 9C711B4D2BD9583F00231067 /* StyledSlider.swift */; };
		9C8803762A72625E00476017 /* AppDelegate.swift in Sources */ = {isa = PBXBuildFile; fileRef = C1DF94512A5EF20E00FA285F /* AppDelegate.swift */; };
		9C8803772A72625E00476017 /* OverlayWindow.swift in Sources */ = {isa = PBXBuildFile; fileRef = C1D044EA2A60205E0022B970 /* OverlayWindow.swift */; };
		9C88037A2A72625E00476017 /* Overlay.swift in Sources */ = {isa = PBXBuildFile; fileRef = C1DF94502A5EF20E00FA285F /* Overlay.swift */; };
		9C88037B2A72625E00476017 /* main.swift in Sources */ = {isa = PBXBuildFile; fileRef = C1B521142A5EF85500E9B7AC /* main.swift */; };
		9C8FA26B2AB058310049C0D1 /* WelcomeWindow.swift in Sources */ = {isa = PBXBuildFile; fileRef = 9C8FA26A2AB058310049C0D1 /* WelcomeWindow.swift */; };
		9C8FA26C2AB058310049C0D1 /* WelcomeWindow.swift in Sources */ = {isa = PBXBuildFile; fileRef = 9C8FA26A2AB058310049C0D1 /* WelcomeWindow.swift */; };
		9C9C78032A62AEE800778CAE /* Assets.xcassets in Resources */ = {isa = PBXBuildFile; fileRef = 9C9C78022A62AEE800778CAE /* Assets.xcassets */; };
		9CA026512AC9647E0068CC74 /* BrightnessManager.swift in Sources */ = {isa = PBXBuildFile; fileRef = 9CA026502AC9647E0068CC74 /* BrightnessManager.swift */; };
		9CA026532AC968430068CC74 /* BrightnessTechnique.swift in Sources */ = {isa = PBXBuildFile; fileRef = 9CA026522AC968430068CC74 /* BrightnessTechnique.swift */; };
		9CA026542AC968430068CC74 /* BrightnessTechnique.swift in Sources */ = {isa = PBXBuildFile; fileRef = 9CA026522AC968430068CC74 /* BrightnessTechnique.swift */; };
		9CA026552AC96B260068CC74 /* BrightnessManager.swift in Sources */ = {isa = PBXBuildFile; fileRef = 9CA026502AC9647E0068CC74 /* BrightnessManager.swift */; };
		9CCAC9372C3AF53B00B105D1 /* EntitlementHandler.swift in Sources */ = {isa = PBXBuildFile; fileRef = 9CCAC9362C3AF53B00B105D1 /* EntitlementHandler.swift */; };
		9CCAC9392C3AF55F00B105D1 /* RestorePurchasesButton.swift in Sources */ = {isa = PBXBuildFile; fileRef = 9CCAC9382C3AF55E00B105D1 /* RestorePurchasesButton.swift */; };
		9CDE33C52B4317D70085F786 /* Utils.swift in Sources */ = {isa = PBXBuildFile; fileRef = 9CDE33C42B4317D70085F786 /* Utils.swift */; };
		9CDE33C62B4317D70085F786 /* Utils.swift in Sources */ = {isa = PBXBuildFile; fileRef = 9CDE33C42B4317D70085F786 /* Utils.swift */; };
		9CE3C37D2C8C89F200E7FDBA /* Assets.xcassets in Resources */ = {isa = PBXBuildFile; fileRef = 9C9C78022A62AEE800778CAE /* Assets.xcassets */; };
		9CE3C37E2C8C89F600E7FDBA /* Localizable.xcstrings in Resources */ = {isa = PBXBuildFile; fileRef = 9CCAC9332C3A8F9E00B105D1 /* Localizable.xcstrings */; };
		9CE3C37F2C8C8A1800E7FDBA /* Localizable.xcstrings in Resources */ = {isa = PBXBuildFile; fileRef = 9CCAC9332C3A8F9E00B105D1 /* Localizable.xcstrings */; };
		9CE3C3812C8C8D3B00E7FDBA /* Styles.swift in Sources */ = {isa = PBXBuildFile; fileRef = 9CE3C3802C8C8D3B00E7FDBA /* Styles.swift */; };
		9CE3C3822C8C8D3B00E7FDBA /* Styles.swift in Sources */ = {isa = PBXBuildFile; fileRef = 9CE3C3802C8C8D3B00E7FDBA /* Styles.swift */; };
		C1B5215A2A5EFFDB00E9B7AC /* AppDelegate.swift in Sources */ = {isa = PBXBuildFile; fileRef = C1DF94512A5EF20E00FA285F /* AppDelegate.swift */; };
		C1B5215C2A5EFFDB00E9B7AC /* Overlay.swift in Sources */ = {isa = PBXBuildFile; fileRef = C1DF94502A5EF20E00FA285F /* Overlay.swift */; };
		C1B5215D2A5EFFDB00E9B7AC /* main.swift in Sources */ = {isa = PBXBuildFile; fileRef = C1B521142A5EF85500E9B7AC /* main.swift */; };
		C1D044EB2A60205E0022B970 /* OverlayWindow.swift in Sources */ = {isa = PBXBuildFile; fileRef = C1D044EA2A60205E0022B970 /* OverlayWindow.swift */; };
/* End PBXBuildFile section */

/* Begin PBXCopyFilesBuildPhase section */
		9CA458BD2AD0A60000CBF8B9 /* CopyFiles */ = {
			isa = PBXCopyFilesBuildPhase;
			buildActionMask = 2147483647;
			dstPath = Contents/Library/LoginItems;
			dstSubfolderSpec = 1;
			files = (
			);
			runOnlyForDeploymentPostprocessing = 0;
		};
		C1031D6D2A867E86001EE05B /* Copy Files */ = {
			isa = PBXCopyFilesBuildPhase;
			buildActionMask = 2147483647;
			dstPath = Contents/Library/LoginItems;
			dstSubfolderSpec = 1;
			files = (
			);
			name = "Copy Files";
			runOnlyForDeploymentPostprocessing = 0;
		};
/* End PBXCopyFilesBuildPhase section */

/* Begin PBXFileReference section */
		1E05D3942B90E50E006FE96A /* StatusBarMenu.swift */ = {isa = PBXFileReference; lastKnownFileType = sourcecode.swift; path = StatusBarMenu.swift; sourceTree = "<group>"; };
		9C1C8BE62C8B3EA300754474 /* UserStatusModifier.swift */ = {isa = PBXFileReference; fileEncoding = 4; lastKnownFileType = sourcecode.swift; path = UserStatusModifier.swift; sourceTree = "<group>"; };
		9C1C8BE92C8B4FC000754474 /* Trial.swift */ = {isa = PBXFileReference; lastKnownFileType = sourcecode.swift; path = Trial.swift; sourceTree = "<group>"; };
		9C1C8BEC2C8B817B00754474 /* BrightIntoshStore.swift */ = {isa = PBXFileReference; lastKnownFileType = sourcecode.swift; path = BrightIntoshStore.swift; sourceTree = "<group>"; };
		9C41636F2AB7198B005B34B6 /* SettingsWindow.swift */ = {isa = PBXFileReference; lastKnownFileType = sourcecode.swift; path = SettingsWindow.swift; sourceTree = "<group>"; };
		9C4163782ABD8FBD005B34B6 /* Constants.swift */ = {isa = PBXFileReference; lastKnownFileType = sourcecode.swift; path = Constants.swift; sourceTree = "<group>"; };
		9C534AC42ACB02C60029E050 /* BatteryHelpers.swift */ = {isa = PBXFileReference; lastKnownFileType = sourcecode.swift; path = BatteryHelpers.swift; sourceTree = "<group>"; };
		9C534AC72ACB06210029E050 /* AutomationManager.swift */ = {isa = PBXFileReference; lastKnownFileType = sourcecode.swift; path = AutomationManager.swift; sourceTree = "<group>"; };
		9C534ACA2ACB2A050029E050 /* Alerts.swift */ = {isa = PBXFileReference; lastKnownFileType = sourcecode.swift; path = Alerts.swift; sourceTree = "<group>"; };
		9C56104F2ABF55A90066D6C9 /* Settings.swift */ = {isa = PBXFileReference; lastKnownFileType = sourcecode.swift; path = Settings.swift; sourceTree = "<group>"; };
		9C59653D2C8DBB1400BFC9A6 /* StoreManager.swift */ = {isa = PBXFileReference; lastKnownFileType = sourcecode.swift; path = StoreManager.swift; sourceTree = "<group>"; };
		9C711B4D2BD9583F00231067 /* StyledSlider.swift */ = {isa = PBXFileReference; lastKnownFileType = sourcecode.swift; path = StyledSlider.swift; sourceTree = "<group>"; };
		9C8803822A72625E00476017 /* BrightIntosh.app */ = {isa = PBXFileReference; explicitFileType = wrapper.application; includeInIndex = 0; path = BrightIntosh.app; sourceTree = BUILT_PRODUCTS_DIR; };
		9C8FA26A2AB058310049C0D1 /* WelcomeWindow.swift */ = {isa = PBXFileReference; lastKnownFileType = sourcecode.swift; path = WelcomeWindow.swift; sourceTree = "<group>"; };
		9C9C78022A62AEE800778CAE /* Assets.xcassets */ = {isa = PBXFileReference; lastKnownFileType = folder.assetcatalog; path = Assets.xcassets; sourceTree = "<group>"; };
		9CA026502AC9647E0068CC74 /* BrightnessManager.swift */ = {isa = PBXFileReference; lastKnownFileType = sourcecode.swift; path = BrightnessManager.swift; sourceTree = "<group>"; };
		9CA026522AC968430068CC74 /* BrightnessTechnique.swift */ = {isa = PBXFileReference; lastKnownFileType = sourcecode.swift; path = BrightnessTechnique.swift; sourceTree = "<group>"; };
		9CCAC9332C3A8F9E00B105D1 /* Localizable.xcstrings */ = {isa = PBXFileReference; lastKnownFileType = text.json.xcstrings; path = Localizable.xcstrings; sourceTree = "<group>"; };
		9CCAC9362C3AF53B00B105D1 /* EntitlementHandler.swift */ = {isa = PBXFileReference; fileEncoding = 4; lastKnownFileType = sourcecode.swift; path = EntitlementHandler.swift; sourceTree = "<group>"; };
		9CCAC9382C3AF55E00B105D1 /* RestorePurchasesButton.swift */ = {isa = PBXFileReference; fileEncoding = 4; lastKnownFileType = sourcecode.swift; path = RestorePurchasesButton.swift; sourceTree = "<group>"; };
		9CDE33C42B4317D70085F786 /* Utils.swift */ = {isa = PBXFileReference; lastKnownFileType = sourcecode.swift; path = Utils.swift; sourceTree = "<group>"; };
		9CE3C3802C8C8D3B00E7FDBA /* Styles.swift */ = {isa = PBXFileReference; lastKnownFileType = sourcecode.swift; path = Styles.swift; sourceTree = "<group>"; };
		9CEB41EE2A9236D7005D7A0D /* BrightIntosh.entitlements */ = {isa = PBXFileReference; fileEncoding = 4; lastKnownFileType = text.plist.entitlements; path = BrightIntosh.entitlements; sourceTree = "<group>"; };
		9CEB41EF2A923723005D7A0D /* BrightIntosh_SE.entitlements */ = {isa = PBXFileReference; fileEncoding = 4; lastKnownFileType = text.plist.entitlements; path = BrightIntosh_SE.entitlements; sourceTree = "<group>"; };
		C1B521142A5EF85500E9B7AC /* main.swift */ = {isa = PBXFileReference; lastKnownFileType = sourcecode.swift; path = main.swift; sourceTree = "<group>"; };
		C1B521172A5EFCB300E9B7AC /* Info.plist */ = {isa = PBXFileReference; fileEncoding = 4; lastKnownFileType = text.plist.xml; path = Info.plist; sourceTree = "<group>"; };
		C1B521482A5EFF5800E9B7AC /* BrightIntosh.app */ = {isa = PBXFileReference; explicitFileType = wrapper.application; includeInIndex = 0; path = BrightIntosh.app; sourceTree = BUILT_PRODUCTS_DIR; };
		C1D044EA2A60205E0022B970 /* OverlayWindow.swift */ = {isa = PBXFileReference; lastKnownFileType = sourcecode.swift; path = OverlayWindow.swift; sourceTree = "<group>"; };
		C1DF94502A5EF20E00FA285F /* Overlay.swift */ = {isa = PBXFileReference; fileEncoding = 4; lastKnownFileType = sourcecode.swift; path = Overlay.swift; sourceTree = "<group>"; };
		C1DF94512A5EF20E00FA285F /* AppDelegate.swift */ = {isa = PBXFileReference; fileEncoding = 4; lastKnownFileType = sourcecode.swift; path = AppDelegate.swift; sourceTree = "<group>"; };
		C1DF94572A5EF66200FA285F /* README.md */ = {isa = PBXFileReference; lastKnownFileType = net.daringfireball.markdown; path = README.md; sourceTree = "<group>"; };
/* End PBXFileReference section */

/* Begin PBXFrameworksBuildPhase section */
		9C88037C2A72625E00476017 /* Frameworks */ = {
			isa = PBXFrameworksBuildPhase;
			buildActionMask = 2147483647;
			files = (
				9C4163772ABD8FA4005B34B6 /* KeyboardShortcuts in Frameworks */,
			);
			runOnlyForDeploymentPostprocessing = 0;
		};
		C1B521452A5EFF5800E9B7AC /* Frameworks */ = {
			isa = PBXFrameworksBuildPhase;
			buildActionMask = 2147483647;
			files = (
				9C4163742ABD8EE9005B34B6 /* KeyboardShortcuts in Frameworks */,
			);
			runOnlyForDeploymentPostprocessing = 0;
		};
/* End PBXFrameworksBuildPhase section */

/* Begin PBXGroup section */
		9C4163752ABD8FA4005B34B6 /* Frameworks */ = {
			isa = PBXGroup;
			children = (
			);
			name = Frameworks;
			sourceTree = "<group>";
		};
		9C5965392C8CCE7E00BFC9A6 /* UI */ = {
			isa = PBXGroup;
			children = (
				9C534ACA2ACB2A050029E050 /* Alerts.swift */,
				9C1C8BEC2C8B817B00754474 /* BrightIntoshStore.swift */,
				C1DF94502A5EF20E00FA285F /* Overlay.swift */,
				9CCAC9382C3AF55E00B105D1 /* RestorePurchasesButton.swift */,
				9C41636F2AB7198B005B34B6 /* SettingsWindow.swift */,
				1E05D3942B90E50E006FE96A /* StatusBarMenu.swift */,
				9C1C8BE62C8B3EA300754474 /* UserStatusModifier.swift */,
				9C711B4D2BD9583F00231067 /* StyledSlider.swift */,
				9CE3C3802C8C8D3B00E7FDBA /* Styles.swift */,
				9C8FA26A2AB058310049C0D1 /* WelcomeWindow.swift */,
			);
			path = UI;
			sourceTree = "<group>";
		};
		C1DF943C2A5EF20000FA285F = {
			isa = PBXGroup;
			children = (
				C1DF94572A5EF66200FA285F /* README.md */,
				C1DF94472A5EF20000FA285F /* BrightIntosh */,
				C1DF94462A5EF20000FA285F /* Products */,
				9C4163752ABD8FA4005B34B6 /* Frameworks */,
			);
			sourceTree = "<group>";
		};
		C1DF94462A5EF20000FA285F /* Products */ = {
			isa = PBXGroup;
			children = (
				C1B521482A5EFF5800E9B7AC /* BrightIntosh.app */,
				9C8803822A72625E00476017 /* BrightIntosh.app */,
			);
			name = Products;
			sourceTree = "<group>";
		};
		C1DF94472A5EF20000FA285F /* BrightIntosh */ = {
			isa = PBXGroup;
			children = (
				C1DF94512A5EF20E00FA285F /* AppDelegate.swift */,
				9C9C78022A62AEE800778CAE /* Assets.xcassets */,
				9C534AC72ACB06210029E050 /* AutomationManager.swift */,
				9C534AC42ACB02C60029E050 /* BatteryHelpers.swift */,
				9CEB41EF2A923723005D7A0D /* BrightIntosh_SE.entitlements */,
				9CEB41EE2A9236D7005D7A0D /* BrightIntosh.entitlements */,
				9CA026502AC9647E0068CC74 /* BrightnessManager.swift */,
				9CA026522AC968430068CC74 /* BrightnessTechnique.swift */,
				9C4163782ABD8FBD005B34B6 /* Constants.swift */,
				9CCAC9362C3AF53B00B105D1 /* EntitlementHandler.swift */,
				C1B521172A5EFCB300E9B7AC /* Info.plist */,
				9CCAC9332C3A8F9E00B105D1 /* Localizable.xcstrings */,
				C1B521142A5EF85500E9B7AC /* main.swift */,
				C1D044EA2A60205E0022B970 /* OverlayWindow.swift */,
				9C56104F2ABF55A90066D6C9 /* Settings.swift */,
				9C59653D2C8DBB1400BFC9A6 /* StoreManager.swift */,
				9C1C8BE92C8B4FC000754474 /* Trial.swift */,
				9C5965392C8CCE7E00BFC9A6 /* UI */,
				9CDE33C42B4317D70085F786 /* Utils.swift */,
			);
			path = BrightIntosh;
			sourceTree = "<group>";
		};
/* End PBXGroup section */

/* Begin PBXNativeTarget section */
		9C8803732A72625E00476017 /* BrightIntosh (Store Editon) */ = {
			isa = PBXNativeTarget;
			buildConfigurationList = 9C88037F2A72625E00476017 /* Build configuration list for PBXNativeTarget "BrightIntosh (Store Editon)" */;
			buildPhases = (
				9C8803742A72625E00476017 /* Sources */,
				9C88037C2A72625E00476017 /* Frameworks */,
				9CE3C37C2C8C89DF00E7FDBA /* Resources */,
				9CA458BD2AD0A60000CBF8B9 /* CopyFiles */,
			);
			buildRules = (
			);
			dependencies = (
			);
			name = "BrightIntosh (Store Editon)";
			packageProductDependencies = (
				9C4163762ABD8FA4005B34B6 /* KeyboardShortcuts */,
			);
			productName = BrightIntosh;
			productReference = 9C8803822A72625E00476017 /* BrightIntosh.app */;
			productType = "com.apple.product-type.application";
		};
		C1B521472A5EFF5800E9B7AC /* BrightIntosh */ = {
			isa = PBXNativeTarget;
			buildConfigurationList = C1B521572A5EFF5900E9B7AC /* Build configuration list for PBXNativeTarget "BrightIntosh" */;
			buildPhases = (
				C1B521442A5EFF5800E9B7AC /* Sources */,
				C1B521452A5EFF5800E9B7AC /* Frameworks */,
				C1B521462A5EFF5800E9B7AC /* Resources */,
				C1031D6D2A867E86001EE05B /* Copy Files */,
			);
			buildRules = (
			);
			dependencies = (
			);
			name = BrightIntosh;
			packageProductDependencies = (
				9C4163732ABD8EE9005B34B6 /* KeyboardShortcuts */,
			);
			productName = BrightIntosh;
			productReference = C1B521482A5EFF5800E9B7AC /* BrightIntosh.app */;
			productType = "com.apple.product-type.application";
		};
/* End PBXNativeTarget section */

/* Begin PBXProject section */
		C1DF943D2A5EF20000FA285F /* Project object */ = {
			isa = PBXProject;
			attributes = {
				BuildIndependentTargetsInParallel = 1;
				LastSwiftUpdateCheck = 1430;
				LastUpgradeCheck = 1540;
				TargetAttributes = {
					9C8803732A72625E00476017 = {
						LastSwiftMigration = 1430;
					};
					C1B521472A5EFF5800E9B7AC = {
						CreatedOnToolsVersion = 14.3.1;
						LastSwiftMigration = 1430;
					};
				};
			};
			buildConfigurationList = C1DF94402A5EF20000FA285F /* Build configuration list for PBXProject "BrightIntosh" */;
			compatibilityVersion = "Xcode 14.0";
			developmentRegion = en;
			hasScannedForEncodings = 0;
			knownRegions = (
				en,
				Base,
				de,
				fr,
				es,
				"pt-PT",
			);
			mainGroup = C1DF943C2A5EF20000FA285F;
			packageReferences = (
				9C4163722ABD8EE9005B34B6 /* XCRemoteSwiftPackageReference "KeyboardShortcuts" */,
			);
			productRefGroup = C1DF94462A5EF20000FA285F /* Products */;
			projectDirPath = "";
			projectRoot = "";
			targets = (
				C1B521472A5EFF5800E9B7AC /* BrightIntosh */,
				9C8803732A72625E00476017 /* BrightIntosh (Store Editon) */,
			);
		};
/* End PBXProject section */

/* Begin PBXResourcesBuildPhase section */
		9CE3C37C2C8C89DF00E7FDBA /* Resources */ = {
			isa = PBXResourcesBuildPhase;
			buildActionMask = 2147483647;
			files = (
				9CE3C37E2C8C89F600E7FDBA /* Localizable.xcstrings in Resources */,
				9CE3C37D2C8C89F200E7FDBA /* Assets.xcassets in Resources */,
			);
			runOnlyForDeploymentPostprocessing = 0;
		};
		C1B521462A5EFF5800E9B7AC /* Resources */ = {
			isa = PBXResourcesBuildPhase;
			buildActionMask = 2147483647;
			files = (
				9CE3C37F2C8C8A1800E7FDBA /* Localizable.xcstrings in Resources */,
				9C9C78032A62AEE800778CAE /* Assets.xcassets in Resources */,
			);
			runOnlyForDeploymentPostprocessing = 0;
		};
/* End PBXResourcesBuildPhase section */

/* Begin PBXSourcesBuildPhase section */
		9C8803742A72625E00476017 /* Sources */ = {
			isa = PBXSourcesBuildPhase;
			buildActionMask = 2147483647;
			files = (
				1E05D3962B90E50E006FE96A /* StatusBarMenu.swift in Sources */,
				9C59653F2C8DBB2C00BFC9A6 /* StoreManager.swift in Sources */,
				9C1C8BE72C8B3EA300754474 /* UserStatusModifier.swift in Sources */,
				9CA026552AC96B260068CC74 /* BrightnessManager.swift in Sources */,
				9C4163712AB7198B005B34B6 /* SettingsWindow.swift in Sources */,
				9C534AC92ACB06210029E050 /* AutomationManager.swift in Sources */,
				9CDE33C62B4317D70085F786 /* Utils.swift in Sources */,
				9CCAC9392C3AF55F00B105D1 /* RestorePurchasesButton.swift in Sources */,
				9C8FA26C2AB058310049C0D1 /* WelcomeWindow.swift in Sources */,
				9C8803762A72625E00476017 /* AppDelegate.swift in Sources */,
				9C5610512ABF55A90066D6C9 /* Settings.swift in Sources */,
				9C1C8BEB2C8B4FC000754474 /* Trial.swift in Sources */,
				9CE3C3822C8C8D3B00E7FDBA /* Styles.swift in Sources */,
				9C8803772A72625E00476017 /* OverlayWindow.swift in Sources */,
				9C88037A2A72625E00476017 /* Overlay.swift in Sources */,
				9CCAC9372C3AF53B00B105D1 /* EntitlementHandler.swift in Sources */,
				9C534ACC2ACB2A050029E050 /* Alerts.swift in Sources */,
				9CA026542AC968430068CC74 /* BrightnessTechnique.swift in Sources */,
				9C88037B2A72625E00476017 /* main.swift in Sources */,
				9C41637A2ABD8FBD005B34B6 /* Constants.swift in Sources */,
				9C534AC62ACB02C60029E050 /* BatteryHelpers.swift in Sources */,
				9C1C8BEE2C8B817B00754474 /* BrightIntoshStore.swift in Sources */,
				9C711B4F2BD9583F00231067 /* StyledSlider.swift in Sources */,
			);
			runOnlyForDeploymentPostprocessing = 0;
		};
		C1B521442A5EFF5800E9B7AC /* Sources */ = {
			isa = PBXSourcesBuildPhase;
			buildActionMask = 2147483647;
			files = (
				1E05D3952B90E50E006FE96A /* StatusBarMenu.swift in Sources */,
				9C4163702AB7198B005B34B6 /* SettingsWindow.swift in Sources */,
				9C8FA26B2AB058310049C0D1 /* WelcomeWindow.swift in Sources */,
				9C59653E2C8DBB1400BFC9A6 /* StoreManager.swift in Sources */,
				9C534AC82ACB06210029E050 /* AutomationManager.swift in Sources */,
				9C1C8BEA2C8B4FC000754474 /* Trial.swift in Sources */,
				9CDE33C52B4317D70085F786 /* Utils.swift in Sources */,
				9CA026512AC9647E0068CC74 /* BrightnessManager.swift in Sources */,
				9CA026532AC968430068CC74 /* BrightnessTechnique.swift in Sources */,
				C1B5215A2A5EFFDB00E9B7AC /* AppDelegate.swift in Sources */,
				9C5610502ABF55A90066D6C9 /* Settings.swift in Sources */,
				9C1C8BED2C8B817B00754474 /* BrightIntoshStore.swift in Sources */,
				9CE3C3812C8C8D3B00E7FDBA /* Styles.swift in Sources */,
				C1D044EB2A60205E0022B970 /* OverlayWindow.swift in Sources */,
				9C534ACB2ACB2A050029E050 /* Alerts.swift in Sources */,
				C1B5215C2A5EFFDB00E9B7AC /* Overlay.swift in Sources */,
				C1B5215D2A5EFFDB00E9B7AC /* main.swift in Sources */,
				9C4163792ABD8FBD005B34B6 /* Constants.swift in Sources */,
				9C534AC52ACB02C60029E050 /* BatteryHelpers.swift in Sources */,
				9C1C8BE82C8B4A1C00754474 /* UserStatusModifier.swift in Sources */,
				9C5965402C8DBB2F00BFC9A6 /* EntitlementHandler.swift in Sources */,
				9C711B4E2BD9583F00231067 /* StyledSlider.swift in Sources */,
				9C59653A2C8CCE9500BFC9A6 /* RestorePurchasesButton.swift in Sources */,
			);
			runOnlyForDeploymentPostprocessing = 0;
		};
/* End PBXSourcesBuildPhase section */

/* Begin XCBuildConfiguration section */
		9C8803802A72625E00476017 /* Debug */ = {
			isa = XCBuildConfiguration;
			buildSettings = {
				ARCHS = "$(ARCHS_STANDARD)";
				ASSETCATALOG_COMPILER_APPICON_NAME = AppIcon;
				ASSETCATALOG_COMPILER_GLOBAL_ACCENT_COLOR_NAME = AccentColor;
				ASSETCATALOG_COMPILER_INCLUDE_ALL_APPICON_ASSETS = NO;
				CLANG_ENABLE_MODULES = YES;
				CODE_SIGN_ENTITLEMENTS = BrightIntosh/BrightIntosh_SE.entitlements;
				"CODE_SIGN_IDENTITY[sdk=macosx*]" = "Apple Development";
				CODE_SIGN_STYLE = Automatic;
				CURRENT_PROJECT_VERSION = 47;
				DEAD_CODE_STRIPPING = YES;
				DEVELOPMENT_ASSET_PATHS = "";
				DEVELOPMENT_TEAM = 9K32WDUN2H;
				ENABLE_HARDENED_RUNTIME = YES;
				ENABLE_PREVIEWS = YES;
				GENERATE_INFOPLIST_FILE = YES;
				INFOPLIST_FILE = BrightIntosh/Info.plist;
				INFOPLIST_KEY_CFBundleDisplayName = BrightIntosh;
				INFOPLIST_KEY_LSApplicationCategoryType = "public.app-category.utilities";
				INFOPLIST_KEY_LSUIElement = YES;
				"INFOPLIST_KEY_UIApplicationSceneManifest_Generation[sdk=iphoneos*]" = YES;
				"INFOPLIST_KEY_UIApplicationSceneManifest_Generation[sdk=iphonesimulator*]" = YES;
				"INFOPLIST_KEY_UIApplicationSupportsIndirectInputEvents[sdk=iphoneos*]" = YES;
				"INFOPLIST_KEY_UIApplicationSupportsIndirectInputEvents[sdk=iphonesimulator*]" = YES;
				"INFOPLIST_KEY_UILaunchScreen_Generation[sdk=iphoneos*]" = YES;
				"INFOPLIST_KEY_UILaunchScreen_Generation[sdk=iphonesimulator*]" = YES;
				"INFOPLIST_KEY_UIStatusBarStyle[sdk=iphoneos*]" = UIStatusBarStyleDefault;
				"INFOPLIST_KEY_UIStatusBarStyle[sdk=iphonesimulator*]" = UIStatusBarStyleDefault;
				INFOPLIST_KEY_UISupportedInterfaceOrientations_iPad = "UIInterfaceOrientationPortrait UIInterfaceOrientationPortraitUpsideDown UIInterfaceOrientationLandscapeLeft UIInterfaceOrientationLandscapeRight";
				INFOPLIST_KEY_UISupportedInterfaceOrientations_iPhone = "UIInterfaceOrientationPortrait UIInterfaceOrientationLandscapeLeft UIInterfaceOrientationLandscapeRight";
				"INFOPLIST_KEY_UISupportsDocumentBrowser[sdk=iphoneos*]" = YES;
				"INFOPLIST_KEY_UISupportsDocumentBrowser[sdk=iphonesimulator*]" = YES;
				IPHONEOS_DEPLOYMENT_TARGET = 16.4;
				LD_RUNPATH_SEARCH_PATHS = "@executable_path/Frameworks";
				"LD_RUNPATH_SEARCH_PATHS[sdk=macosx*]" = "@executable_path/../Frameworks";
				MACOSX_DEPLOYMENT_TARGET = 13.0;
				MARKETING_VERSION = 3.1.0;
				PRODUCT_BUNDLE_IDENTIFIER = de.brightintosh.app;
				PRODUCT_NAME = BrightIntosh;
				SDKROOT = auto;
				SUPPORTED_PLATFORMS = macosx;
				SUPPORTS_MACCATALYST = NO;
				SUPPORTS_MAC_DESIGNED_FOR_IPHONE_IPAD = NO;
				SWIFT_ACTIVE_COMPILATION_CONDITIONS = "DEBUG STORE";
				SWIFT_EMIT_LOC_STRINGS = YES;
				SWIFT_OPTIMIZATION_LEVEL = "-Onone";
				SWIFT_VERSION = 5.0;
			};
			name = Debug;
		};
		9C8803812A72625E00476017 /* Release */ = {
			isa = XCBuildConfiguration;
			buildSettings = {
				ARCHS = "$(ARCHS_STANDARD)";
				ASSETCATALOG_COMPILER_APPICON_NAME = AppIcon;
				ASSETCATALOG_COMPILER_GLOBAL_ACCENT_COLOR_NAME = AccentColor;
				ASSETCATALOG_COMPILER_INCLUDE_ALL_APPICON_ASSETS = NO;
				CLANG_ENABLE_MODULES = YES;
				CODE_SIGN_ENTITLEMENTS = BrightIntosh/BrightIntosh_SE.entitlements;
				"CODE_SIGN_IDENTITY[sdk=macosx*]" = "Apple Development";
				CODE_SIGN_STYLE = Automatic;
				CURRENT_PROJECT_VERSION = 47;
				DEAD_CODE_STRIPPING = YES;
				DEVELOPMENT_ASSET_PATHS = "";
				DEVELOPMENT_TEAM = 9K32WDUN2H;
				ENABLE_HARDENED_RUNTIME = YES;
				ENABLE_PREVIEWS = YES;
				GENERATE_INFOPLIST_FILE = YES;
				INFOPLIST_FILE = BrightIntosh/Info.plist;
				INFOPLIST_KEY_CFBundleDisplayName = BrightIntosh;
				INFOPLIST_KEY_LSApplicationCategoryType = "public.app-category.utilities";
				INFOPLIST_KEY_LSUIElement = YES;
				"INFOPLIST_KEY_UIApplicationSceneManifest_Generation[sdk=iphoneos*]" = YES;
				"INFOPLIST_KEY_UIApplicationSceneManifest_Generation[sdk=iphonesimulator*]" = YES;
				"INFOPLIST_KEY_UIApplicationSupportsIndirectInputEvents[sdk=iphoneos*]" = YES;
				"INFOPLIST_KEY_UIApplicationSupportsIndirectInputEvents[sdk=iphonesimulator*]" = YES;
				"INFOPLIST_KEY_UILaunchScreen_Generation[sdk=iphoneos*]" = YES;
				"INFOPLIST_KEY_UILaunchScreen_Generation[sdk=iphonesimulator*]" = YES;
				"INFOPLIST_KEY_UIStatusBarStyle[sdk=iphoneos*]" = UIStatusBarStyleDefault;
				"INFOPLIST_KEY_UIStatusBarStyle[sdk=iphonesimulator*]" = UIStatusBarStyleDefault;
				INFOPLIST_KEY_UISupportedInterfaceOrientations_iPad = "UIInterfaceOrientationPortrait UIInterfaceOrientationPortraitUpsideDown UIInterfaceOrientationLandscapeLeft UIInterfaceOrientationLandscapeRight";
				INFOPLIST_KEY_UISupportedInterfaceOrientations_iPhone = "UIInterfaceOrientationPortrait UIInterfaceOrientationLandscapeLeft UIInterfaceOrientationLandscapeRight";
				"INFOPLIST_KEY_UISupportsDocumentBrowser[sdk=iphoneos*]" = YES;
				"INFOPLIST_KEY_UISupportsDocumentBrowser[sdk=iphonesimulator*]" = YES;
				IPHONEOS_DEPLOYMENT_TARGET = 16.4;
				LD_RUNPATH_SEARCH_PATHS = "@executable_path/Frameworks";
				"LD_RUNPATH_SEARCH_PATHS[sdk=macosx*]" = "@executable_path/../Frameworks";
				MACOSX_DEPLOYMENT_TARGET = 13.0;
				MARKETING_VERSION = 3.1.0;
				PRODUCT_BUNDLE_IDENTIFIER = de.brightintosh.app;
				PRODUCT_NAME = BrightIntosh;
				SDKROOT = auto;
				SUPPORTED_PLATFORMS = macosx;
				SUPPORTS_MACCATALYST = NO;
				SUPPORTS_MAC_DESIGNED_FOR_IPHONE_IPAD = NO;
				SWIFT_ACTIVE_COMPILATION_CONDITIONS = STORE;
				SWIFT_EMIT_LOC_STRINGS = YES;
				SWIFT_VERSION = 5.0;
			};
			name = Release;
		};
		C1B521582A5EFF5900E9B7AC /* Debug */ = {
			isa = XCBuildConfiguration;
			buildSettings = {
				ASSETCATALOG_COMPILER_APPICON_NAME = AppIcon;
				ASSETCATALOG_COMPILER_GLOBAL_ACCENT_COLOR_NAME = AccentColor;
				ASSETCATALOG_COMPILER_INCLUDE_ALL_APPICON_ASSETS = NO;
				CLANG_ENABLE_MODULES = YES;
				CODE_SIGN_ENTITLEMENTS = BrightIntosh/BrightIntosh.entitlements;
				"CODE_SIGN_IDENTITY[sdk=macosx*]" = "Apple Development";
				CODE_SIGN_STYLE = Automatic;
				CURRENT_PROJECT_VERSION = 47;
				DEAD_CODE_STRIPPING = YES;
				DEVELOPMENT_ASSET_PATHS = "";
				DEVELOPMENT_TEAM = 9K32WDUN2H;
				ENABLE_HARDENED_RUNTIME = YES;
				ENABLE_PREVIEWS = YES;
				GENERATE_INFOPLIST_FILE = YES;
				INFOPLIST_FILE = BrightIntosh/Info.plist;
				INFOPLIST_KEY_CFBundleDisplayName = BrightIntosh;
				INFOPLIST_KEY_LSApplicationCategoryType = "public.app-category.utilities";
				INFOPLIST_KEY_LSUIElement = YES;
				"INFOPLIST_KEY_UIApplicationSceneManifest_Generation[sdk=iphoneos*]" = YES;
				"INFOPLIST_KEY_UIApplicationSceneManifest_Generation[sdk=iphonesimulator*]" = YES;
				"INFOPLIST_KEY_UIApplicationSupportsIndirectInputEvents[sdk=iphoneos*]" = YES;
				"INFOPLIST_KEY_UIApplicationSupportsIndirectInputEvents[sdk=iphonesimulator*]" = YES;
				"INFOPLIST_KEY_UILaunchScreen_Generation[sdk=iphoneos*]" = YES;
				"INFOPLIST_KEY_UILaunchScreen_Generation[sdk=iphonesimulator*]" = YES;
				"INFOPLIST_KEY_UIStatusBarStyle[sdk=iphoneos*]" = UIStatusBarStyleDefault;
				"INFOPLIST_KEY_UIStatusBarStyle[sdk=iphonesimulator*]" = UIStatusBarStyleDefault;
				INFOPLIST_KEY_UISupportedInterfaceOrientations_iPad = "UIInterfaceOrientationPortrait UIInterfaceOrientationPortraitUpsideDown UIInterfaceOrientationLandscapeLeft UIInterfaceOrientationLandscapeRight";
				INFOPLIST_KEY_UISupportedInterfaceOrientations_iPhone = "UIInterfaceOrientationPortrait UIInterfaceOrientationLandscapeLeft UIInterfaceOrientationLandscapeRight";
				"INFOPLIST_KEY_UISupportsDocumentBrowser[sdk=iphoneos*]" = YES;
				"INFOPLIST_KEY_UISupportsDocumentBrowser[sdk=iphonesimulator*]" = YES;
				IPHONEOS_DEPLOYMENT_TARGET = 16.4;
				LD_RUNPATH_SEARCH_PATHS = "@executable_path/Frameworks";
				"LD_RUNPATH_SEARCH_PATHS[sdk=macosx*]" = "@executable_path/../Frameworks";
				MACOSX_DEPLOYMENT_TARGET = 13.0;
				MARKETING_VERSION = 3.1.0;
				PRODUCT_BUNDLE_IDENTIFIER = de.brightintosh.app;
				PRODUCT_NAME = "$(TARGET_NAME)";
				SDKROOT = auto;
				SUPPORTED_PLATFORMS = macosx;
				SUPPORTS_MACCATALYST = NO;
				SUPPORTS_MAC_DESIGNED_FOR_IPHONE_IPAD = NO;
				SWIFT_EMIT_LOC_STRINGS = YES;
				SWIFT_OPTIMIZATION_LEVEL = "-Onone";
				SWIFT_VERSION = 5.0;
			};
			name = Debug;
		};
		C1B521592A5EFF5900E9B7AC /* Release */ = {
			isa = XCBuildConfiguration;
			buildSettings = {
				ASSETCATALOG_COMPILER_APPICON_NAME = AppIcon;
				ASSETCATALOG_COMPILER_GLOBAL_ACCENT_COLOR_NAME = AccentColor;
				ASSETCATALOG_COMPILER_INCLUDE_ALL_APPICON_ASSETS = NO;
				CLANG_ENABLE_MODULES = YES;
				CODE_SIGN_ENTITLEMENTS = BrightIntosh/BrightIntosh.entitlements;
				CODE_SIGN_IDENTITY = "Apple Development";
				"CODE_SIGN_IDENTITY[sdk=macosx*]" = "Apple Development";
				CODE_SIGN_STYLE = Automatic;
				CURRENT_PROJECT_VERSION = 47;
				DEAD_CODE_STRIPPING = YES;
				DEVELOPMENT_ASSET_PATHS = "";
				DEVELOPMENT_TEAM = 9K32WDUN2H;
				ENABLE_HARDENED_RUNTIME = YES;
				ENABLE_PREVIEWS = YES;
				GENERATE_INFOPLIST_FILE = YES;
				INFOPLIST_FILE = BrightIntosh/Info.plist;
				INFOPLIST_KEY_CFBundleDisplayName = BrightIntosh;
				INFOPLIST_KEY_LSApplicationCategoryType = "public.app-category.utilities";
				INFOPLIST_KEY_LSUIElement = YES;
				"INFOPLIST_KEY_UIApplicationSceneManifest_Generation[sdk=iphoneos*]" = YES;
				"INFOPLIST_KEY_UIApplicationSceneManifest_Generation[sdk=iphonesimulator*]" = YES;
				"INFOPLIST_KEY_UIApplicationSupportsIndirectInputEvents[sdk=iphoneos*]" = YES;
				"INFOPLIST_KEY_UIApplicationSupportsIndirectInputEvents[sdk=iphonesimulator*]" = YES;
				"INFOPLIST_KEY_UILaunchScreen_Generation[sdk=iphoneos*]" = YES;
				"INFOPLIST_KEY_UILaunchScreen_Generation[sdk=iphonesimulator*]" = YES;
				"INFOPLIST_KEY_UIStatusBarStyle[sdk=iphoneos*]" = UIStatusBarStyleDefault;
				"INFOPLIST_KEY_UIStatusBarStyle[sdk=iphonesimulator*]" = UIStatusBarStyleDefault;
				INFOPLIST_KEY_UISupportedInterfaceOrientations_iPad = "UIInterfaceOrientationPortrait UIInterfaceOrientationPortraitUpsideDown UIInterfaceOrientationLandscapeLeft UIInterfaceOrientationLandscapeRight";
				INFOPLIST_KEY_UISupportedInterfaceOrientations_iPhone = "UIInterfaceOrientationPortrait UIInterfaceOrientationLandscapeLeft UIInterfaceOrientationLandscapeRight";
				"INFOPLIST_KEY_UISupportsDocumentBrowser[sdk=iphoneos*]" = YES;
				"INFOPLIST_KEY_UISupportsDocumentBrowser[sdk=iphonesimulator*]" = YES;
				IPHONEOS_DEPLOYMENT_TARGET = 16.4;
				LD_RUNPATH_SEARCH_PATHS = "@executable_path/Frameworks";
				"LD_RUNPATH_SEARCH_PATHS[sdk=macosx*]" = "@executable_path/../Frameworks";
				MACOSX_DEPLOYMENT_TARGET = 13.0;
				MARKETING_VERSION = 3.1.0;
				PRODUCT_BUNDLE_IDENTIFIER = de.brightintosh.app;
				PRODUCT_NAME = "$(TARGET_NAME)";
				SDKROOT = auto;
				SUPPORTED_PLATFORMS = macosx;
				SUPPORTS_MACCATALYST = NO;
				SUPPORTS_MAC_DESIGNED_FOR_IPHONE_IPAD = NO;
				SWIFT_EMIT_LOC_STRINGS = YES;
				SWIFT_VERSION = 5.0;
			};
			name = Release;
		};
		C1DF944A2A5EF20000FA285F /* Debug */ = {
			isa = XCBuildConfiguration;
			buildSettings = {
				ALWAYS_SEARCH_USER_PATHS = NO;
				ASSETCATALOG_COMPILER_GENERATE_SWIFT_ASSET_SYMBOL_EXTENSIONS = YES;
				CLANG_ANALYZER_LOCALIZABILITY_NONLOCALIZED = YES;
				CLANG_ANALYZER_NONNULL = YES;
				CLANG_ANALYZER_NUMBER_OBJECT_CONVERSION = YES_AGGRESSIVE;
				CLANG_CXX_LANGUAGE_STANDARD = "gnu++20";
				CLANG_ENABLE_MODULES = YES;
				CLANG_ENABLE_OBJC_ARC = YES;
				CLANG_ENABLE_OBJC_WEAK = YES;
				CLANG_WARN_BLOCK_CAPTURE_AUTORELEASING = YES;
				CLANG_WARN_BOOL_CONVERSION = YES;
				CLANG_WARN_COMMA = YES;
				CLANG_WARN_CONSTANT_CONVERSION = YES;
				CLANG_WARN_DEPRECATED_OBJC_IMPLEMENTATIONS = YES;
				CLANG_WARN_DIRECT_OBJC_ISA_USAGE = YES_ERROR;
				CLANG_WARN_DOCUMENTATION_COMMENTS = YES;
				CLANG_WARN_EMPTY_BODY = YES;
				CLANG_WARN_ENUM_CONVERSION = YES;
				CLANG_WARN_INFINITE_RECURSION = YES;
				CLANG_WARN_INT_CONVERSION = YES;
				CLANG_WARN_NON_LITERAL_NULL_CONVERSION = YES;
				CLANG_WARN_OBJC_IMPLICIT_RETAIN_SELF = YES;
				CLANG_WARN_OBJC_LITERAL_CONVERSION = YES;
				CLANG_WARN_OBJC_ROOT_CLASS = YES_ERROR;
				CLANG_WARN_QUOTED_INCLUDE_IN_FRAMEWORK_HEADER = YES;
				CLANG_WARN_RANGE_LOOP_ANALYSIS = YES;
				CLANG_WARN_STRICT_PROTOTYPES = YES;
				CLANG_WARN_SUSPICIOUS_MOVE = YES;
				CLANG_WARN_UNGUARDED_AVAILABILITY = YES_AGGRESSIVE;
				CLANG_WARN_UNREACHABLE_CODE = YES;
				CLANG_WARN__DUPLICATE_METHOD_MATCH = YES;
				COPY_PHASE_STRIP = NO;
				DEAD_CODE_STRIPPING = YES;
				DEBUG_INFORMATION_FORMAT = dwarf;
				ENABLE_STRICT_OBJC_MSGSEND = YES;
				ENABLE_TESTABILITY = YES;
				ENABLE_USER_SCRIPT_SANDBOXING = YES;
				GCC_C_LANGUAGE_STANDARD = gnu11;
				GCC_DYNAMIC_NO_PIC = NO;
				GCC_NO_COMMON_BLOCKS = YES;
				GCC_OPTIMIZATION_LEVEL = 0;
				GCC_PREPROCESSOR_DEFINITIONS = (
					"DEBUG=1",
					"$(inherited)",
				);
				GCC_WARN_64_TO_32_BIT_CONVERSION = YES;
				GCC_WARN_ABOUT_RETURN_TYPE = YES_ERROR;
				GCC_WARN_UNDECLARED_SELECTOR = YES;
				GCC_WARN_UNINITIALIZED_AUTOS = YES_AGGRESSIVE;
				GCC_WARN_UNUSED_FUNCTION = YES;
				GCC_WARN_UNUSED_VARIABLE = YES;
				MACOSX_DEPLOYMENT_TARGET = 13.0;
				MTL_ENABLE_DEBUG_INFO = INCLUDE_SOURCE;
				MTL_FAST_MATH = YES;
				ONLY_ACTIVE_ARCH = YES;
				SDKROOT = macosx;
				SWIFT_ACTIVE_COMPILATION_CONDITIONS = DEBUG;
				SWIFT_OPTIMIZATION_LEVEL = "-Onone";
			};
			name = Debug;
		};
		C1DF944B2A5EF20000FA285F /* Release */ = {
			isa = XCBuildConfiguration;
			buildSettings = {
				ALWAYS_SEARCH_USER_PATHS = NO;
				ASSETCATALOG_COMPILER_GENERATE_SWIFT_ASSET_SYMBOL_EXTENSIONS = YES;
				CLANG_ANALYZER_LOCALIZABILITY_NONLOCALIZED = YES;
				CLANG_ANALYZER_NONNULL = YES;
				CLANG_ANALYZER_NUMBER_OBJECT_CONVERSION = YES_AGGRESSIVE;
				CLANG_CXX_LANGUAGE_STANDARD = "gnu++20";
				CLANG_ENABLE_MODULES = YES;
				CLANG_ENABLE_OBJC_ARC = YES;
				CLANG_ENABLE_OBJC_WEAK = YES;
				CLANG_WARN_BLOCK_CAPTURE_AUTORELEASING = YES;
				CLANG_WARN_BOOL_CONVERSION = YES;
				CLANG_WARN_COMMA = YES;
				CLANG_WARN_CONSTANT_CONVERSION = YES;
				CLANG_WARN_DEPRECATED_OBJC_IMPLEMENTATIONS = YES;
				CLANG_WARN_DIRECT_OBJC_ISA_USAGE = YES_ERROR;
				CLANG_WARN_DOCUMENTATION_COMMENTS = YES;
				CLANG_WARN_EMPTY_BODY = YES;
				CLANG_WARN_ENUM_CONVERSION = YES;
				CLANG_WARN_INFINITE_RECURSION = YES;
				CLANG_WARN_INT_CONVERSION = YES;
				CLANG_WARN_NON_LITERAL_NULL_CONVERSION = YES;
				CLANG_WARN_OBJC_IMPLICIT_RETAIN_SELF = YES;
				CLANG_WARN_OBJC_LITERAL_CONVERSION = YES;
				CLANG_WARN_OBJC_ROOT_CLASS = YES_ERROR;
				CLANG_WARN_QUOTED_INCLUDE_IN_FRAMEWORK_HEADER = YES;
				CLANG_WARN_RANGE_LOOP_ANALYSIS = YES;
				CLANG_WARN_STRICT_PROTOTYPES = YES;
				CLANG_WARN_SUSPICIOUS_MOVE = YES;
				CLANG_WARN_UNGUARDED_AVAILABILITY = YES_AGGRESSIVE;
				CLANG_WARN_UNREACHABLE_CODE = YES;
				CLANG_WARN__DUPLICATE_METHOD_MATCH = YES;
				COPY_PHASE_STRIP = NO;
				DEAD_CODE_STRIPPING = YES;
				DEBUG_INFORMATION_FORMAT = "dwarf-with-dsym";
				ENABLE_NS_ASSERTIONS = NO;
				ENABLE_STRICT_OBJC_MSGSEND = YES;
				ENABLE_USER_SCRIPT_SANDBOXING = YES;
				GCC_C_LANGUAGE_STANDARD = gnu11;
				GCC_NO_COMMON_BLOCKS = YES;
				GCC_WARN_64_TO_32_BIT_CONVERSION = YES;
				GCC_WARN_ABOUT_RETURN_TYPE = YES_ERROR;
				GCC_WARN_UNDECLARED_SELECTOR = YES;
				GCC_WARN_UNINITIALIZED_AUTOS = YES_AGGRESSIVE;
				GCC_WARN_UNUSED_FUNCTION = YES;
				GCC_WARN_UNUSED_VARIABLE = YES;
				MACOSX_DEPLOYMENT_TARGET = 13.0;
				MTL_ENABLE_DEBUG_INFO = NO;
				MTL_FAST_MATH = YES;
				SDKROOT = macosx;
				SWIFT_COMPILATION_MODE = wholemodule;
				SWIFT_OPTIMIZATION_LEVEL = "-O";
			};
			name = Release;
		};
/* End XCBuildConfiguration section */

/* Begin XCConfigurationList section */
		9C88037F2A72625E00476017 /* Build configuration list for PBXNativeTarget "BrightIntosh (Store Editon)" */ = {
			isa = XCConfigurationList;
			buildConfigurations = (
				9C8803802A72625E00476017 /* Debug */,
				9C8803812A72625E00476017 /* Release */,
			);
			defaultConfigurationIsVisible = 0;
			defaultConfigurationName = Release;
		};
		C1B521572A5EFF5900E9B7AC /* Build configuration list for PBXNativeTarget "BrightIntosh" */ = {
			isa = XCConfigurationList;
			buildConfigurations = (
				C1B521582A5EFF5900E9B7AC /* Debug */,
				C1B521592A5EFF5900E9B7AC /* Release */,
			);
			defaultConfigurationIsVisible = 0;
			defaultConfigurationName = Release;
		};
		C1DF94402A5EF20000FA285F /* Build configuration list for PBXProject "BrightIntosh" */ = {
			isa = XCConfigurationList;
			buildConfigurations = (
				C1DF944A2A5EF20000FA285F /* Debug */,
				C1DF944B2A5EF20000FA285F /* Release */,
			);
			defaultConfigurationIsVisible = 0;
			defaultConfigurationName = Release;
		};
/* End XCConfigurationList section */

/* Begin XCRemoteSwiftPackageReference section */
		9C4163722ABD8EE9005B34B6 /* XCRemoteSwiftPackageReference "KeyboardShortcuts" */ = {
			isa = XCRemoteSwiftPackageReference;
			repositoryURL = "https://github.com/sindresorhus/KeyboardShortcuts";
			requirement = {
				kind = upToNextMajorVersion;
				minimumVersion = 1.0.0;
			};
		};
/* End XCRemoteSwiftPackageReference section */

/* Begin XCSwiftPackageProductDependency section */
		9C4163732ABD8EE9005B34B6 /* KeyboardShortcuts */ = {
			isa = XCSwiftPackageProductDependency;
			package = 9C4163722ABD8EE9005B34B6 /* XCRemoteSwiftPackageReference "KeyboardShortcuts" */;
			productName = KeyboardShortcuts;
		};
		9C4163762ABD8FA4005B34B6 /* KeyboardShortcuts */ = {
			isa = XCSwiftPackageProductDependency;
			package = 9C4163722ABD8EE9005B34B6 /* XCRemoteSwiftPackageReference "KeyboardShortcuts" */;
			productName = KeyboardShortcuts;
		};
/* End XCSwiftPackageProductDependency section */
	};
	rootObject = C1DF943D2A5EF20000FA285F /* Project object */;
}
